
Microsoft Visual Studio Solution File, Format Version 12.00
# Visual Studio Version 16
VisualStudioVersion = 16.0.31829.152
MinimumVisualStudioVersion = 10.0.40219.1
Project("{FAE04EC0-301F-11D3-BF4B-00C04F79EFBC}") = "UI-pokusaj", "UI-pokusaj\UI-pokusaj.csproj", "{1186ADD0-85CB-4892-8E48-9F8F13D5C252}"
EndProject
Global
	GlobalSection(SolutionConfigurationPlatforms) = preSolution
		Debug|Any CPU = Debug|Any CPU
		Release|Any CPU = Release|Any CPU
	EndGlobalSection
	GlobalSection(ProjectConfigurationPlatforms) = postSolution
		{1186ADD0-85CB-4892-8E48-9F8F13D5C252}.Debug|Any CPU.ActiveCfg = Debug|Any CPU
		{1186ADD0-85CB-4892-8E48-9F8F13D5C252}.Debug|Any CPU.Build.0 = Debug|Any CPU
		{1186ADD0-85CB-4892-8E48-9F8F13D5C252}.Release|Any CPU.ActiveCfg = Release|Any CPU
		{1186ADD0-85CB-4892-8E48-9F8F13D5C252}.Release|Any CPU.Build.0 = Release|Any CPU
	EndGlobalSection
	GlobalSection(SolutionProperties) = preSolution
		HideSolutionNode = FALSE
	EndGlobalSection
	GlobalSection(ExtensibilityGlobals) = postSolution
		SolutionGuid = {2345935A-8685-49A0-B564-DC8F6FC1B830}
	EndGlobalSection
EndGlobal
